
Microsoft Visual Studio Solution File, Format Version 12.00
# Visual Studio Version 16
VisualStudioVersion = 16.0.32228.343
MinimumVisualStudioVersion = 10.0.40219.1
Project("{FAE04EC0-301F-11D3-BF4B-00C04F79EFBC}") = "King", "King\King.csproj", "{1D0D10FE-4DAE-452C-8B49-F76C7B23149D}"
EndProject
Project("{FAE04EC0-301F-11D3-BF4B-00C04F79EFBC}") = "King.ViewModel", "King.ViewModel\King.ViewModel.csproj", "{72AA7126-38AF-427E-9F7B-73E34E6DA0F5}"
EndProject
Global
	GlobalSection(SolutionConfigurationPlatforms) = preSolution
		Debug|Any CPU = Debug|Any CPU
		Release|Any CPU = Release|Any CPU
	EndGlobalSection
	GlobalSection(ProjectConfigurationPlatforms) = postSolution
		{1D0D10FE-4DAE-452C-8B49-F76C7B23149D}.Debug|Any CPU.ActiveCfg = Debug|Any CPU
		{1D0D10FE-4DAE-452C-8B49-F76C7B23149D}.Debug|Any CPU.Build.0 = Debug|Any CPU
		{1D0D10FE-4DAE-452C-8B49-F76C7B23149D}.Release|Any CPU.ActiveCfg = Release|Any CPU
		{1D0D10FE-4DAE-452C-8B49-F76C7B23149D}.Release|Any CPU.Build.0 = Release|Any CPU
		{72AA7126-38AF-427E-9F7B-73E34E6DA0F5}.Debug|Any CPU.ActiveCfg = Debug|Any CPU
		{72AA7126-38AF-427E-9F7B-73E34E6DA0F5}.Debug|Any CPU.Build.0 = Debug|Any CPU
		{72AA7126-38AF-427E-9F7B-73E34E6DA0F5}.Release|Any CPU.ActiveCfg = Release|Any CPU
		{72AA7126-38AF-427E-9F7B-73E34E6DA0F5}.Release|Any CPU.Build.0 = Release|Any CPU
	EndGlobalSection
	GlobalSection(SolutionProperties) = preSolution
		HideSolutionNode = FALSE
	EndGlobalSection
	GlobalSection(ExtensibilityGlobals) = postSolution
		SolutionGuid = {640A7E5C-B6E9-4AD6-AF6A-515087876B9A}
	EndGlobalSection
EndGlobal
